
Microsoft Visual Studio Solution File, Format Version 10.00
# Visual Studio 2008
Project("{FAE04EC0-301F-11D3-BF4B-00C04F79EFBC}") = "WindowsGame1", "WindowsGame1\WindowsGame1.csproj", "{1B832D06-B027-4DD9-A549-8AE4C8723375}"
EndProject
Project("{FAE04EC0-301F-11D3-BF4B-00C04F79EFBC}") = "editor", "editor2\editor2\editor.csproj", "{E973EECC-26B4-4D89-AC59-585068FC8DE0}"
EndProject
Global
	GlobalSection(SolutionConfigurationPlatforms) = preSolution
		Debug|x86 = Debug|x86
		Release|x86 = Release|x86
	EndGlobalSection
	GlobalSection(ProjectConfigurationPlatforms) = postSolution
		{1B832D06-B027-4DD9-A549-8AE4C8723375}.Debug|x86.ActiveCfg = Debug|x86
		{1B832D06-B027-4DD9-A549-8AE4C8723375}.Debug|x86.Build.0 = Debug|x86
		{1B832D06-B027-4DD9-A549-8AE4C8723375}.Release|x86.ActiveCfg = Release|x86
		{1B832D06-B027-4DD9-A549-8AE4C8723375}.Release|x86.Build.0 = Release|x86
		{51AD71AF-B408-442D-BECC-CAB71C2D46B8}.Debug|x86.ActiveCfg = Debug|x86
		{51AD71AF-B408-442D-BECC-CAB71C2D46B8}.Release|x86.ActiveCfg = Release|x86
		{E973EECC-26B4-4D89-AC59-585068FC8DE0}.Debug|x86.ActiveCfg = Debug|x86
		{E973EECC-26B4-4D89-AC59-585068FC8DE0}.Debug|x86.Build.0 = Debug|x86
		{E973EECC-26B4-4D89-AC59-585068FC8DE0}.Release|x86.ActiveCfg = Release|x86
		{E973EECC-26B4-4D89-AC59-585068FC8DE0}.Release|x86.Build.0 = Release|x86
		{7A91F997-A875-4F35-8C75-E315B8637180}.Debug|x86.ActiveCfg = Debug|x86
		{7A91F997-A875-4F35-8C75-E315B8637180}.Release|x86.ActiveCfg = Release|x86
	EndGlobalSection
	GlobalSection(SolutionProperties) = preSolution
		HideSolutionNode = FALSE
	EndGlobalSection
EndGlobal
